# This file is automatically @generated by Cargo.
# It is not intended for manual editing.
version = 3

[[package]]
name = "peng-shop-backend"
version = "0.1.0"
dependencies = [
 "peng-shop-backend-appimage",
 "peng-shop-backend-apt",
 "peng-shop-backend-aur",
 "peng-shop-backend-dnf",
 "peng-shop-backend-flatpak",
 "peng-shop-backend-packagekit",
 "peng-shop-backend-pacman",
 "peng-shop-backend-snap",
 "peng-shop-backend-yum",
 "peng-shop-backend-zypp",
]

[[package]]
name = "peng-shop-backend-appimage"
version = "0.1.0"
source = "git+https://github.com/VortexAcherontic/peng-shop-backend-appimage#fa9170a9812b17d76a55a2a8e861f3970a37c0ce"

[[package]]
name = "peng-shop-backend-apt"
version = "0.1.0"
source = "git+https://github.com/VortexAcherontic/peng-shop-backend-apt#74255a381213f117e526f6a1bacda00742cfec16"

[[package]]
name = "peng-shop-backend-aur"
version = "0.1.0"
source = "git+https://github.com/VortexAcherontic/peng-shop-backend-aur#0797545acbd4d9143d53ced3d856215086c4e293"

[[package]]
name = "peng-shop-backend-dnf"
version = "0.1.0"
source = "git+https://github.com/VortexAcherontic/peng-shop-backend-dnf#6e24d43b0fc8b6b90dd1f0d290ff12462dfa3b24"

[[package]]
name = "peng-shop-backend-flatpak"
version = "0.1.0"
source = "git+https://github.com/VortexAcherontic/peng-shop-backend-flatpak#26f669b21521bb086e355ce7cb33eb2f1bf8cc30"

[[package]]
name = "peng-shop-backend-packagekit"
version = "0.1.0"
source = "git+https://github.com/VortexAcherontic/peng-shop-backend-packagekit#81abc64516c23e49406a3bf00873221e0ad02278"

[[package]]
name = "peng-shop-backend-pacman"
version = "0.1.0"
source = "git+https://github.com/VortexAcherontic/peng-shop-backend-pacman#00ac696b54d76c54bc679f8b88fd015da8fc4625"

[[package]]
name = "peng-shop-backend-snap"
version = "0.1.0"
source = "git+https://github.com/VortexAcherontic/peng-shop-backend-snap#b49786383a88499d791b282003c2b0b2b4396092"

[[package]]
name = "peng-shop-backend-yum"
version = "0.1.0"
source = "git+https://github.com/VortexAcherontic/peng-shop-backend-yum#6415795d815b69af6a162c8c49bfc693ac323cf6"

[[package]]
name = "peng-shop-backend-zypp"
version = "0.1.0"
source = "git+https://github.com/VortexAcherontic/peng-shop-backend-zypp#f0a544db6a1cc4463d350913dfd0771d94d20ca1"
